# generated by rye
# use `rye lock` or `rye sync` to update this lockfile
#
# last locked with the following flags:
#   pre: false
#   features: []
#   all-features: false
#   with-sources: false

-e file:.
apache-beam==2.56.0
    # via dagster-beam
attrs==23.2.0
    # via jsonschema
    # via referencing
certifi==2024.2.2
    # via requests
charset-normalizer==3.3.2
    # via requests
cloudpickle==2.2.1
    # via apache-beam
crcmod==1.7
    # via apache-beam
dill==0.3.1.1
    # via apache-beam
dnspython==2.6.1
    # via pymongo
docopt==0.6.2
    # via hdfs
fastavro==1.9.4
    # via apache-beam
fasteners==0.19
    # via apache-beam
grpcio==1.63.0
    # via apache-beam
hdfs==2.7.3
    # via apache-beam
httplib2==0.22.0
    # via apache-beam
idna==3.7
    # via requests
js2py==0.74
    # via apache-beam
jsonpickle==3.0.4
    # via apache-beam
jsonschema==4.22.0
    # via apache-beam
jsonschema-specifications==2023.12.1
    # via jsonschema
numpy==1.26.4
    # via apache-beam
    # via pyarrow
objsize==0.7.0
    # via apache-beam
orjson==3.10.3
    # via apache-beam
packaging==24.0
    # via apache-beam
proto-plus==1.23.0
    # via apache-beam
protobuf==4.25.3
    # via apache-beam
    # via proto-plus
pyarrow==11.0.0
    # via apache-beam
pyarrow-hotfix==0.6
    # via apache-beam
pydot==1.4.2
    # via apache-beam
pyjsparser==2.7.1
    # via js2py
pymongo==4.7.2
    # via apache-beam
pyparsing==3.1.2
    # via httplib2
    # via pydot
python-dateutil==2.9.0.post0
    # via apache-beam
pytz==2024.1
    # via apache-beam
redis==5.0.4
    # via apache-beam
referencing==0.35.1
    # via jsonschema
    # via jsonschema-specifications
regex==2024.4.28
    # via apache-beam
requests==2.31.0
    # via apache-beam
    # via hdfs
rpds-py==0.18.1
    # via jsonschema
    # via referencing
six==1.16.0
    # via hdfs
    # via js2py
    # via python-dateutil
typing-extensions==4.11.0
    # via apache-beam
tzdata==2024.1
    # via tzlocal
tzlocal==5.2
    # via js2py
urllib3==2.2.1
    # via requests
zstandard==0.22.0
    # via apache-beam
